// !$*UTF8*$!
{
	archiveVersion = 1;
	classes = {
	};
	objectVersion = 46;
	objects = {

/* Begin PBXBuildFile section */
		EF49539F1E44B1DA0038DEA4 /* AppDelegate.swift in Sources */ = {isa = PBXBuildFile; fileRef = EF49539E1E44B1DA0038DEA4 /* AppDelegate.swift */; };
		EF4953A11E44B1DA0038DEA4 /* ViewController.swift in Sources */ = {isa = PBXBuildFile; fileRef = EF4953A01E44B1DA0038DEA4 /* ViewController.swift */; };
		EF4953A41E44B1DA0038DEA4 /* Main.storyboard in Resources */ = {isa = PBXBuildFile; fileRef = EF4953A21E44B1DA0038DEA4 /* Main.storyboard */; };
		EF4953A71E44B1DA0038DEA4 /* SwiftProjectOne.xcdatamodeld in Sources */ = {isa = PBXBuildFile; fileRef = EF4953A51E44B1DA0038DEA4 /* SwiftProjectOne.xcdatamodeld */; };
		EF4953A91E44B1DA0038DEA4 /* Assets.xcassets in Resources */ = {isa = PBXBuildFile; fileRef = EF4953A81E44B1DA0038DEA4 /* Assets.xcassets */; };
		EF4953AC1E44B1DA0038DEA4 /* LaunchScreen.storyboard in Resources */ = {isa = PBXBuildFile; fileRef = EF4953AA1E44B1DA0038DEA4 /* LaunchScreen.storyboard */; };
/* End PBXBuildFile section */

/* Begin PBXFileReference section */
		EF49539B1E44B1DA0038DEA4 /* SwiftProjectOne.app */ = {isa = PBXFileReference; explicitFileType = wrapper.application; includeInIndex = 0; path = SwiftProjectOne.app; sourceTree = BUILT_PRODUCTS_DIR; };
		EF49539E1E44B1DA0038DEA4 /* AppDelegate.swift */ = {isa = PBXFileReference; lastKnownFileType = sourcecode.swift; path = AppDelegate.swift; sourceTree = "<group>"; };
		EF4953A01E44B1DA0038DEA4 /* ViewController.swift */ = {isa = PBXFileReference; lastKnownFileType = sourcecode.swift; path = ViewController.swift; sourceTree = "<group>"; };
		EF4953A31E44B1DA0038DEA4 /* Base */ = {isa = PBXFileReference; lastKnownFileType = file.storyboard; name = Base; path = Base.lproj/Main.storyboard; sourceTree = "<group>"; };
		EF4953A61E44B1DA0038DEA4 /* SwiftProjectOne.xcdatamodel */ = {isa = PBXFileReference; lastKnownFileType = wrapper.xcdatamodel; path = SwiftProjectOne.xcdatamodel; sourceTree = "<group>"; };
		EF4953A81E44B1DA0038DEA4 /* Assets.xcassets */ = {isa = PBXFileReference; lastKnownFileType = folder.assetcatalog; path = Assets.xcassets; sourceTree = "<group>"; };
		EF4953AB1E44B1DA0038DEA4 /* Base */ = {isa = PBXFileReference; lastKnownFileType = file.storyboard; name = Base; path = Base.lproj/LaunchScreen.storyboard; sourceTree = "<group>"; };
		EF4953AD1E44B1DA0038DEA4 /* Info.plist */ = {isa = PBXFileReference; lastKnownFileType = text.plist.xml; path = Info.plist; sourceTree = "<group>"; };
/* End PBXFileReference section */

/* Begin PBXFrameworksBuildPhase section */
		EF4953981E44B1DA0038DEA4 /* Frameworks */ = {
			isa = PBXFrameworksBuildPhase;
			buildActionMask = 2147483647;
			files = (
			);
			runOnlyForDeploymentPostprocessing = 0;
		};
/* End PBXFrameworksBuildPhase section */

/* Begin PBXGroup section */
		EF4953921E44B1DA0038DEA4 = {
			isa = PBXGroup;
			children = (
				EF49539D1E44B1DA0038DEA4 /* SwiftProjectOne */,
				EF49539C1E44B1DA0038DEA4 /* Products */,
			);
			sourceTree = "<group>";
		};
		EF49539C1E44B1DA0038DEA4 /* Products */ = {
			isa = PBXGroup;
			children = (
				EF49539B1E44B1DA0038DEA4 /* SwiftProjectOne.app */,
			);
			name = Products;
			sourceTree = "<group>";
		};
		EF49539D1E44B1DA0038DEA4 /* SwiftProjectOne */ = {
			isa = PBXGroup;
			children = (
				EF49539E1E44B1DA0038DEA4 /* AppDelegate.swift */,
				EF4953A01E44B1DA0038DEA4 /* ViewController.swift */,
				EF4953A21E44B1DA0038DEA4 /* Main.storyboard */,
				EF4953A81E44B1DA0038DEA4 /* Assets.xcassets */,
				EF4953AA1E44B1DA0038DEA4 /* LaunchScreen.storyboard */,
				EF4953AD1E44B1DA0038DEA4 /* Info.plist */,
				EF4953A51E44B1DA0038DEA4 /* SwiftProjectOne.xcdatamodeld */,
			);
			path = SwiftProjectOne;
			sourceTree = "<group>";
		};
/* End PBXGroup section */

/* Begin PBXNativeTarget section */
		EF49539A1E44B1DA0038DEA4 /* SwiftProjectOne */ = {
			isa = PBXNativeTarget;
			buildConfigurationList = EF4953B01E44B1DA0038DEA4 /* Build configuration list for PBXNativeTarget "SwiftProjectOne" */;
			buildPhases = (
				EF4953971E44B1DA0038DEA4 /* Sources */,
				EF4953981E44B1DA0038DEA4 /* Frameworks */,
				EF4953991E44B1DA0038DEA4 /* Resources */,
			);
			buildRules = (
			);
			dependencies = (
			);
			name = SwiftProjectOne;
			productName = SwiftProjectOne;
			productReference = EF49539B1E44B1DA0038DEA4 /* SwiftProjectOne.app */;
			productType = "com.apple.product-type.application";
		};
/* End PBXNativeTarget section */

/* Begin PBXProject section */
		EF4953931E44B1DA0038DEA4 /* Project object */ = {
			isa = PBXProject;
			attributes = {
				LastSwiftUpdateCheck = 0820;
				LastUpgradeCheck = 0820;
				ORGANIZATIONNAME = "叶杨杨";
				TargetAttributes = {
					EF49539A1E44B1DA0038DEA4 = {
						CreatedOnToolsVersion = 8.2.1;
						DevelopmentTeam = 5ZG9E62T9E;
						ProvisioningStyle = Automatic;
					};
				};
			};
			buildConfigurationList = EF4953961E44B1DA0038DEA4 /* Build configuration list for PBXProject "SwiftProjectOne" */;
			compatibilityVersion = "Xcode 3.2";
			developmentRegion = English;
			hasScannedForEncodings = 0;
			knownRegions = (
				en,
				Base,
			);
			mainGroup = EF4953921E44B1DA0038DEA4;
			productRefGroup = EF49539C1E44B1DA0038DEA4 /* Products */;
			projectDirPath = "";
			projectRoot = "";
			targets = (
				EF49539A1E44B1DA0038DEA4 /* SwiftProjectOne */,
			);
		};
/* End PBXProject section */

/* Begin PBXResourcesBuildPhase section */
		EF4953991E44B1DA0038DEA4 /* Resources */ = {
			isa = PBXResourcesBuildPhase;
			buildActionMask = 2147483647;
			files = (
				EF4953AC1E44B1DA0038DEA4 /* LaunchScreen.storyboard in Resources */,
				EF4953A91E44B1DA0038DEA4 /* Assets.xcassets in Resources */,
				EF4953A41E44B1DA0038DEA4 /* Main.storyboard in Resources */,
			);
			runOnlyForDeploymentPostprocessing = 0;
		};
/* End PBXResourcesBuildPhase section */

/* Begin PBXSourcesBuildPhase section */
		EF4953971E44B1DA0038DEA4 /* Sources */ = {
			isa = PBXSourcesBuildPhase;
			buildActionMask = 2147483647;
			files = (
				EF4953A11E44B1DA0038DEA4 /* ViewController.swift in Sources */,
				EF4953A71E44B1DA0038DEA4 /* SwiftProjectOne.xcdatamodeld in Sources */,
				EF49539F1E44B1DA0038DEA4 /* AppDelegate.swift in Sources */,
			);
			runOnlyForDeploymentPostprocessing = 0;
		};
/* End PBXSourcesBuildPhase section */

/* Begin PBXVariantGroup section */
		EF4953A21E44B1DA0038DEA4 /* Main.storyboard */ = {
			isa = PBXVariantGroup;
			children = (
				EF4953A31E44B1DA0038DEA4 /* Base */,
			);
			name = Main.storyboard;
			sourceTree = "<group>";
		};
		EF4953AA1E44B1DA0038DEA4 /* LaunchScreen.storyboard */ = {
			isa = PBXVariantGroup;
			children = (
				EF4953AB1E44B1DA0038DEA4 /* Base */,
			);
			name = LaunchScreen.storyboard;
			sourceTree = "<group>";
		};
/* End PBXVariantGroup section */

/* Begin XCBuildConfiguration section */
		EF4953AE1E44B1DA0038DEA4 /* Debug */ = {
			isa = XCBuildConfiguration;
			buildSettings = {
				ALWAYS_SEARCH_USER_PATHS = NO;
				CLANG_ANALYZER_NONNULL = YES;
				CLANG_CXX_LANGUAGE_STANDARD = "gnu++0x";
				CLANG_CXX_LIBRARY = "libc++";
				CLANG_ENABLE_MODULES = YES;
				CLANG_ENABLE_OBJC_ARC = YES;
				CLANG_WARN_BOOL_CONVERSION = YES;
				CLANG_WARN_CONSTANT_CONVERSION = YES;
				CLANG_WARN_DIRECT_OBJC_ISA_USAGE = YES_ERROR;
				CLANG_WARN_DOCUMENTATION_COMMENTS = YES;
				CLANG_WARN_EMPTY_BODY = YES;
				CLANG_WARN_ENUM_CONVERSION = YES;
				CLANG_WARN_INFINITE_RECURSION = YES;
				CLANG_WARN_INT_CONVERSION = YES;
				CLANG_WARN_OBJC_ROOT_CLASS = YES_ERROR;
				CLANG_WARN_SUSPICIOUS_MOVE = YES;
				CLANG_WARN_UNREACHABLE_CODE = YES;
				CLANG_WARN__DUPLICATE_METHOD_MATCH = YES;
				"CODE_SIGN_IDENTITY[sdk=iphoneos*]" = "iPhone Developer";
				COPY_PHASE_STRIP = NO;
				DEBUG_INFORMATION_FORMAT = dwarf;
				ENABLE_STRICT_OBJC_MSGSEND = YES;
				ENABLE_TESTABILITY = YES;
				GCC_C_LANGUAGE_STANDARD = gnu99;
				GCC_DYNAMIC_NO_PIC = NO;
				GCC_NO_COMMON_BLOCKS = YES;
				GCC_OPTIMIZATION_LEVEL = 0;
				GCC_PREPROCESSOR_DEFINITIONS = (
					"DEBUG=1",
					"$(inherited)",
				);
				GCC_WARN_64_TO_32_BIT_CONVERSION = YES;
				GCC_WARN_ABOUT_RETURN_TYPE = YES_ERROR;
				GCC_WARN_UNDECLARED_SELECTOR = YES;
				GCC_WARN_UNINITIALIZED_AUTOS = YES_AGGRESSIVE;
				GCC_WARN_UNUSED_FUNCTION = YES;
				GCC_WARN_UNUSED_VARIABLE = YES;
				IPHONEOS_DEPLOYMENT_TARGET = 10.2;
				MTL_ENABLE_DEBUG_INFO = YES;
				ONLY_ACTIVE_ARCH = YES;
				SDKROOT = iphoneos;
				SWIFT_ACTIVE_COMPILATION_CONDITIONS = DEBUG;
				SWIFT_OPTIMIZATION_LEVEL = "-Onone";
				TARGETED_DEVICE_FAMILY = "1,2";
			};
			name = Debug;
		};
		EF4953AF1E44B1DA0038DEA4 /* Release */ = {
			isa = XCBuildConfiguration;
			buildSettings = {
				ALWAYS_SEARCH_USER_PATHS = NO;
				CLANG_ANALYZER_NONNULL = YES;
				CLANG_CXX_LANGUAGE_STANDARD = "gnu++0x";
				CLANG_CXX_LIBRARY = "libc++";
				CLANG_ENABLE_MODULES = YES;
				CLANG_ENABLE_OBJC_ARC = YES;
				CLANG_WARN_BOOL_CONVERSION = YES;
				CLANG_WARN_CONSTANT_CONVERSION = YES;
				CLANG_WARN_DIRECT_OBJC_ISA_USAGE = YES_ERROR;
				CLANG_WARN_DOCUMENTATION_COMMENTS = YES;
				CLANG_WARN_EMPTY_BODY = YES;
				CLANG_WARN_ENUM_CONVERSION = YES;
				CLANG_WARN_INFINITE_RECURSION = YES;
				CLANG_WARN_INT_CONVERSION = YES;
				CLANG_WARN_OBJC_ROOT_CLASS = YES_ERROR;
				CLANG_WARN_SUSPICIOUS_MOVE = YES;
				CLANG_WARN_UNREACHABLE_CODE = YES;
				CLANG_WARN__DUPLICATE_METHOD_MATCH = YES;
				"CODE_SIGN_IDENTITY[sdk=iphoneos*]" = "iPhone Developer";
				COPY_PHASE_STRIP = NO;
				DEBUG_INFORMATION_FORMAT = "dwarf-with-dsym";
				ENABLE_NS_ASSERTIONS = NO;
				ENABLE_STRICT_OBJC_MSGSEND = YES;
				GCC_C_LANGUAGE_STANDARD = gnu99;
				GCC_NO_COMMON_BLOCKS = YES;
				GCC_WARN_64_TO_32_BIT_CONVERSION = YES;
				GCC_WARN_ABOUT_RETURN_TYPE = YES_ERROR;
				GCC_WARN_UNDECLARED_SELECTOR = YES;
				GCC_WARN_UNINITIALIZED_AUTOS = YES_AGGRESSIVE;
				GCC_WARN_UNUSED_FUNCTION = YES;
				GCC_WARN_UNUSED_VARIABLE = YES;
				IPHONEOS_DEPLOYMENT_TARGET = 10.2;
				MTL_ENABLE_DEBUG_INFO = NO;
				SDKROOT = iphoneos;
				SWIFT_OPTIMIZATION_LEVEL = "-Owholemodule";
				TARGETED_DEVICE_FAMILY = "1,2";
				VALIDATE_PRODUCT = YES;
			};
			name = Release;
		};
		EF4953B11E44B1DA0038DEA4 /* Debug */ = {
			isa = XCBuildConfiguration;
			buildSettings = {
				ASSETCATALOG_COMPILER_APPICON_NAME = AppIcon;
				DEVELOPMENT_TEAM = 5ZG9E62T9E;
				INFOPLIST_FILE = SwiftProjectOne/Info.plist;
				LD_RUNPATH_SEARCH_PATHS = "$(inherited) @executable_path/Frameworks";
				PRODUCT_BUNDLE_IDENTIFIER = yeyanyyang.SwiftProjectOne;
				PRODUCT_NAME = "$(TARGET_NAME)";
				SWIFT_VERSION = 3.0;
			};
			name = Debug;
		};
		EF4953B21E44B1DA0038DEA4 /* Release */ = {
			isa = XCBuildConfiguration;
			buildSettings = {
				ASSETCATALOG_COMPILER_APPICON_NAME = AppIcon;
				DEVELOPMENT_TEAM = 5ZG9E62T9E;
				INFOPLIST_FILE = SwiftProjectOne/Info.plist;
				LD_RUNPATH_SEARCH_PATHS = "$(inherited) @executable_path/Frameworks";
				PRODUCT_BUNDLE_IDENTIFIER = yeyanyyang.SwiftProjectOne;
				PRODUCT_NAME = "$(TARGET_NAME)";
				SWIFT_VERSION = 3.0;
			};
			name = Release;
		};
/* End XCBuildConfiguration section */

/* Begin XCConfigurationList section */
		EF4953961E44B1DA0038DEA4 /* Build configuration list for PBXProject "SwiftProjectOne" */ = {
			isa = XCConfigurationList;
			buildConfigurations = (
				EF4953AE1E44B1DA0038DEA4 /* Debug */,
				EF4953AF1E44B1DA0038DEA4 /* Release */,
			);
			defaultConfigurationIsVisible = 0;
			defaultConfigurationName = Release;
		};
		EF4953B01E44B1DA0038DEA4 /* Build configuration list for PBXNativeTarget "SwiftProjectOne" */ = {
			isa = XCConfigurationList;
			buildConfigurations = (
				EF4953B11E44B1DA0038DEA4 /* Debug */,
				EF4953B21E44B1DA0038DEA4 /* Release */,
			);
			defaultConfigurationIsVisible = 0;
		};
/* End XCConfigurationList section */

/* Begin XCVersionGroup section */
		EF4953A51E44B1DA0038DEA4 /* SwiftProjectOne.xcdatamodeld */ = {
			isa = XCVersionGroup;
			children = (
				EF4953A61E44B1DA0038DEA4 /* SwiftProjectOne.xcdatamodel */,
			);
			currentVersion = EF4953A61E44B1DA0038DEA4 /* SwiftProjectOne.xcdatamodel */;
			path = SwiftProjectOne.xcdatamodeld;
			sourceTree = "<group>";
			versionGroupType = wrapper.xcdatamodel;
		};
/* End XCVersionGroup section */
	};
	rootObject = EF4953931E44B1DA0038DEA4 /* Project object */;
}
